
Microsoft Visual Studio Solution File, Format Version 12.00
# Visual Studio Version 17
VisualStudioVersion = 17.5.002.0
MinimumVisualStudioVersion = 10.0.40219.1
Project("{9A19103F-16F7-4668-BE54-9A1E7A4F7556}") = "TuberTreats", "TuberTreats.csproj", "{9E4841E3-FA12-461F-B034-1B01DC9DBCD2}"
EndProject
Global
	GlobalSection(SolutionConfigurationPlatforms) = preSolution
		Debug|Any CPU = Debug|Any CPU
		Release|Any CPU = Release|Any CPU
	EndGlobalSection
	GlobalSection(ProjectConfigurationPlatforms) = postSolution
		{9E4841E3-FA12-461F-B034-1B01DC9DBCD2}.Debug|Any CPU.ActiveCfg = Debug|Any CPU
		{9E4841E3-FA12-461F-B034-1B01DC9DBCD2}.Debug|Any CPU.Build.0 = Debug|Any CPU
		{9E4841E3-FA12-461F-B034-1B01DC9DBCD2}.Release|Any CPU.ActiveCfg = Release|Any CPU
		{9E4841E3-FA12-461F-B034-1B01DC9DBCD2}.Release|Any CPU.Build.0 = Release|Any CPU
	EndGlobalSection
	GlobalSection(SolutionProperties) = preSolution
		HideSolutionNode = FALSE
	EndGlobalSection
	GlobalSection(ExtensibilityGlobals) = postSolution
		SolutionGuid = {1C7BF383-C7C5-4F75-9DC5-B3FBA7B5853E}
	EndGlobalSection
EndGlobal
